
Microsoft Visual Studio Solution File, Format Version 12.00
# Visual Studio Version 17
VisualStudioVersion = 17.5.33530.505
MinimumVisualStudioVersion = 10.0.40219.1
Project("{8BC9CEB8-8B4A-11D0-8D11-00A0C91BC942}") = "Chapter7_1", "Chapter7_1\Chapter7_1.vcxproj", "{0FE37A8F-D90F-4E36-AA82-5E88E19103DD}"
EndProject
Project("{8BC9CEB8-8B4A-11D0-8D11-00A0C91BC942}") = "Chapter7_2", "Chapter7_2\Chapter7_2.vcxproj", "{7C19EFF2-7D0F-4CBE-BEE3-4168276AC227}"
EndProject
Project("{8BC9CEB8-8B4A-11D0-8D11-00A0C91BC942}") = "Chapter7_3", "Chapter7_3\Chapter7_3.vcxproj", "{DBF19895-8BBD-4DCF-8324-545ABBBE0910}"
EndProject
Project("{8BC9CEB8-8B4A-11D0-8D11-00A0C91BC942}") = "Chapter7_4", "Chapter7_4\Chapter7_4.vcxproj", "{2A951774-2558-4E13-81B9-B2365EF96026}"
EndProject
Project("{8BC9CEB8-8B4A-11D0-8D11-00A0C91BC942}") = "Chapter7_5", "Chapter7_5\Chapter7_5.vcxproj", "{8048579F-D742-441D-93F1-7D4A8600EA46}"
EndProject
Project("{8BC9CEB8-8B4A-11D0-8D11-00A0C91BC942}") = "Chapter7_6", "Chapter7_6\Chapter7_6.vcxproj", "{6669A41C-7504-425C-B65E-227ADE4AEE3D}"
EndProject
Project("{8BC9CEB8-8B4A-11D0-8D11-00A0C91BC942}") = "Chapter7_7", "Chapter7_7\Chapter7_7.vcxproj", "{07F02F21-F3DC-439F-BD9A-F92E5ADA3292}"
EndProject
Project("{8BC9CEB8-8B4A-11D0-8D11-00A0C91BC942}") = "Chapter7_8", "Chapter7_8\Chapter7_8.vcxproj", "{1AD94F41-6A94-4F40-9719-56C895C10F83}"
EndProject
Project("{8BC9CEB8-8B4A-11D0-8D11-00A0C91BC942}") = "Chapter7_9", "Chapter7_9\Chapter7_9.vcxproj", "{F4AB9F0B-7DF8-42D2-8B4B-FBA8553E3CF6}"
EndProject
Project("{8BC9CEB8-8B4A-11D0-8D11-00A0C91BC942}") = "Chapter7_10", "Chapter7_10\Chapter7_10.vcxproj", "{1A0DE47B-4E63-42F2-B225-F3734DCA71EA}"
EndProject
Project("{8BC9CEB8-8B4A-11D0-8D11-00A0C91BC942}") = "Chapter7_11", "Chapter7_11\Chapter7_11.vcxproj", "{B06C5B5D-4AAB-4FE5-8DD9-31AFAE7E98E6}"
EndProject
Project("{8BC9CEB8-8B4A-11D0-8D11-00A0C91BC942}") = "Chapter7_12", "Chapter7_12\Chapter7_12.vcxproj", "{1CE983B8-8626-4C71-8427-227580281295}"
EndProject
Project("{8BC9CEB8-8B4A-11D0-8D11-00A0C91BC942}") = "Chapter7_13", "Chapter7_13\Chapter7_13.vcxproj", "{331C5EEB-AA45-4A93-AEBF-B37F56968E71}"
EndProject
Project("{8BC9CEB8-8B4A-11D0-8D11-00A0C91BC942}") = "Chapter7_14", "Chapter7_14\Chapter7_14.vcxproj", "{D78ADE57-5C55-459E-8EBC-B2810161C24B}"
EndProject
Project("{8BC9CEB8-8B4A-11D0-8D11-00A0C91BC942}") = "Chapter7_15", "Chapter7_15\Chapter7_15.vcxproj", "{AA07EFF1-0EFF-4DDE-933C-240F1F0A6B45}"
EndProject
Project("{8BC9CEB8-8B4A-11D0-8D11-00A0C91BC942}") = "Chapter7_16", "Chapter7_16\Chapter7_16.vcxproj", "{86C13033-C785-4AF4-9F25-9C4A41574AAF}"
EndProject
Global
	GlobalSection(SolutionConfigurationPlatforms) = preSolution
		Debug|x64 = Debug|x64
		Debug|x86 = Debug|x86
		Release|x64 = Release|x64
		Release|x86 = Release|x86
	EndGlobalSection
	GlobalSection(ProjectConfigurationPlatforms) = postSolution
		{0FE37A8F-D90F-4E36-AA82-5E88E19103DD}.Debug|x64.ActiveCfg = Debug|x64
		{0FE37A8F-D90F-4E36-AA82-5E88E19103DD}.Debug|x64.Build.0 = Debug|x64
		{0FE37A8F-D90F-4E36-AA82-5E88E19103DD}.Debug|x86.ActiveCfg = Debug|Win32
		{0FE37A8F-D90F-4E36-AA82-5E88E19103DD}.Debug|x86.Build.0 = Debug|Win32
		{0FE37A8F-D90F-4E36-AA82-5E88E19103DD}.Release|x64.ActiveCfg = Release|x64
		{0FE37A8F-D90F-4E36-AA82-5E88E19103DD}.Release|x64.Build.0 = Release|x64
		{0FE37A8F-D90F-4E36-AA82-5E88E19103DD}.Release|x86.ActiveCfg = Release|Win32
		{0FE37A8F-D90F-4E36-AA82-5E88E19103DD}.Release|x86.Build.0 = Release|Win32
		{7C19EFF2-7D0F-4CBE-BEE3-4168276AC227}.Debug|x64.ActiveCfg = Debug|x64
		{7C19EFF2-7D0F-4CBE-BEE3-4168276AC227}.Debug|x64.Build.0 = Debug|x64
		{7C19EFF2-7D0F-4CBE-BEE3-4168276AC227}.Debug|x86.ActiveCfg = Debug|Win32
		{7C19EFF2-7D0F-4CBE-BEE3-4168276AC227}.Debug|x86.Build.0 = Debug|Win32
		{7C19EFF2-7D0F-4CBE-BEE3-4168276AC227}.Release|x64.ActiveCfg = Release|x64
		{7C19EFF2-7D0F-4CBE-BEE3-4168276AC227}.Release|x64.Build.0 = Release|x64
		{7C19EFF2-7D0F-4CBE-BEE3-4168276AC227}.Release|x86.ActiveCfg = Release|Win32
		{7C19EFF2-7D0F-4CBE-BEE3-4168276AC227}.Release|x86.Build.0 = Release|Win32
		{DBF19895-8BBD-4DCF-8324-545ABBBE0910}.Debug|x64.ActiveCfg = Debug|x64
		{DBF19895-8BBD-4DCF-8324-545ABBBE0910}.Debug|x64.Build.0 = Debug|x64
		{DBF19895-8BBD-4DCF-8324-545ABBBE0910}.Debug|x86.ActiveCfg = Debug|Win32
		{DBF19895-8BBD-4DCF-8324-545ABBBE0910}.Debug|x86.Build.0 = Debug|Win32
		{DBF19895-8BBD-4DCF-8324-545ABBBE0910}.Release|x64.ActiveCfg = Release|x64
		{DBF19895-8BBD-4DCF-8324-545ABBBE0910}.Release|x64.Build.0 = Release|x64
		{DBF19895-8BBD-4DCF-8324-545ABBBE0910}.Release|x86.ActiveCfg = Release|Win32
		{DBF19895-8BBD-4DCF-8324-545ABBBE0910}.Release|x86.Build.0 = Release|Win32
		{2A951774-2558-4E13-81B9-B2365EF96026}.Debug|x64.ActiveCfg = Debug|x64
		{2A951774-2558-4E13-81B9-B2365EF96026}.Debug|x64.Build.0 = Debug|x64
		{2A951774-2558-4E13-81B9-B2365EF96026}.Debug|x86.ActiveCfg = Debug|Win32
		{2A951774-2558-4E13-81B9-B2365EF96026}.Debug|x86.Build.0 = Debug|Win32
		{2A951774-2558-4E13-81B9-B2365EF96026}.Release|x64.ActiveCfg = Release|x64
		{2A951774-2558-4E13-81B9-B2365EF96026}.Release|x64.Build.0 = Release|x64
		{2A951774-2558-4E13-81B9-B2365EF96026}.Release|x86.ActiveCfg = Release|Win32
		{2A951774-2558-4E13-81B9-B2365EF96026}.Release|x86.Build.0 = Release|Win32
		{8048579F-D742-441D-93F1-7D4A8600EA46}.Debug|x64.ActiveCfg = Debug|x64
		{8048579F-D742-441D-93F1-7D4A8600EA46}.Debug|x64.Build.0 = Debug|x64
		{8048579F-D742-441D-93F1-7D4A8600EA46}.Debug|x86.ActiveCfg = Debug|Win32
		{8048579F-D742-441D-93F1-7D4A8600EA46}.Debug|x86.Build.0 = Debug|Win32
		{8048579F-D742-441D-93F1-7D4A8600EA46}.Release|x64.ActiveCfg = Release|x64
		{8048579F-D742-441D-93F1-7D4A8600EA46}.Release|x64.Build.0 = Release|x64
		{8048579F-D742-441D-93F1-7D4A8600EA46}.Release|x86.ActiveCfg = Release|Win32
		{8048579F-D742-441D-93F1-7D4A8600EA46}.Release|x86.Build.0 = Release|Win32
		{6669A41C-7504-425C-B65E-227ADE4AEE3D}.Debug|x64.ActiveCfg = Debug|x64
		{6669A41C-7504-425C-B65E-227ADE4AEE3D}.Debug|x64.Build.0 = Debug|x64
		{6669A41C-7504-425C-B65E-227ADE4AEE3D}.Debug|x86.ActiveCfg = Debug|Win32
		{6669A41C-7504-425C-B65E-227ADE4AEE3D}.Debug|x86.Build.0 = Debug|Win32
		{6669A41C-7504-425C-B65E-227ADE4AEE3D}.Release|x64.ActiveCfg = Release|x64
		{6669A41C-7504-425C-B65E-227ADE4AEE3D}.Release|x64.Build.0 = Release|x64
		{6669A41C-7504-425C-B65E-227ADE4AEE3D}.Release|x86.ActiveCfg = Release|Win32
		{6669A41C-7504-425C-B65E-227ADE4AEE3D}.Release|x86.Build.0 = Release|Win32
		{07F02F21-F3DC-439F-BD9A-F92E5ADA3292}.Debug|x64.ActiveCfg = Debug|x64
		{07F02F21-F3DC-439F-BD9A-F92E5ADA3292}.Debug|x64.Build.0 = Debug|x64
		{07F02F21-F3DC-439F-BD9A-F92E5ADA3292}.Debug|x86.ActiveCfg = Debug|Win32
		{07F02F21-F3DC-439F-BD9A-F92E5ADA3292}.Debug|x86.Build.0 = Debug|Win32
		{07F02F21-F3DC-439F-BD9A-F92E5ADA3292}.Release|x64.ActiveCfg = Release|x64
		{07F02F21-F3DC-439F-BD9A-F92E5ADA3292}.Release|x64.Build.0 = Release|x64
		{07F02F21-F3DC-439F-BD9A-F92E5ADA3292}.Release|x86.ActiveCfg = Release|Win32
		{07F02F21-F3DC-439F-BD9A-F92E5ADA3292}.Release|x86.Build.0 = Release|Win32
		{1AD94F41-6A94-4F40-9719-56C895C10F83}.Debug|x64.ActiveCfg = Debug|x64
		{1AD94F41-6A94-4F40-9719-56C895C10F83}.Debug|x64.Build.0 = Debug|x64
		{1AD94F41-6A94-4F40-9719-56C895C10F83}.Debug|x86.ActiveCfg = Debug|Win32
		{1AD94F41-6A94-4F40-9719-56C895C10F83}.Debug|x86.Build.0 = Debug|Win32
		{1AD94F41-6A94-4F40-9719-56C895C10F83}.Release|x64.ActiveCfg = Release|x64
		{1AD94F41-6A94-4F40-9719-56C895C10F83}.Release|x64.Build.0 = Release|x64
		{1AD94F41-6A94-4F40-9719-56C895C10F83}.Release|x86.ActiveCfg = Release|Win32
		{1AD94F41-6A94-4F40-9719-56C895C10F83}.Release|x86.Build.0 = Release|Win32
		{F4AB9F0B-7DF8-42D2-8B4B-FBA8553E3CF6}.Debug|x64.ActiveCfg = Debug|x64
		{F4AB9F0B-7DF8-42D2-8B4B-FBA8553E3CF6}.Debug|x64.Build.0 = Debug|x64
		{F4AB9F0B-7DF8-42D2-8B4B-FBA8553E3CF6}.Debug|x86.ActiveCfg = Debug|Win32
		{F4AB9F0B-7DF8-42D2-8B4B-FBA8553E3CF6}.Debug|x86.Build.0 = Debug|Win32
		{F4AB9F0B-7DF8-42D2-8B4B-FBA8553E3CF6}.Release|x64.ActiveCfg = Release|x64
		{F4AB9F0B-7DF8-42D2-8B4B-FBA8553E3CF6}.Release|x64.Build.0 = Release|x64
		{F4AB9F0B-7DF8-42D2-8B4B-FBA8553E3CF6}.Release|x86.ActiveCfg = Release|Win32
		{F4AB9F0B-7DF8-42D2-8B4B-FBA8553E3CF6}.Release|x86.Build.0 = Release|Win32
		{1A0DE47B-4E63-42F2-B225-F3734DCA71EA}.Debug|x64.ActiveCfg = Debug|x64
		{1A0DE47B-4E63-42F2-B225-F3734DCA71EA}.Debug|x64.Build.0 = Debug|x64
		{1A0DE47B-4E63-42F2-B225-F3734DCA71EA}.Debug|x86.ActiveCfg = Debug|Win32
		{1A0DE47B-4E63-42F2-B225-F3734DCA71EA}.Debug|x86.Build.0 = Debug|Win32
		{1A0DE47B-4E63-42F2-B225-F3734DCA71EA}.Release|x64.ActiveCfg = Release|x64
		{1A0DE47B-4E63-42F2-B225-F3734DCA71EA}.Release|x64.Build.0 = Release|x64
		{1A0DE47B-4E63-42F2-B225-F3734DCA71EA}.Release|x86.ActiveCfg = Release|Win32
		{1A0DE47B-4E63-42F2-B225-F3734DCA71EA}.Release|x86.Build.0 = Release|Win32
		{B06C5B5D-4AAB-4FE5-8DD9-31AFAE7E98E6}.Debug|x64.ActiveCfg = Debug|x64
		{B06C5B5D-4AAB-4FE5-8DD9-31AFAE7E98E6}.Debug|x64.Build.0 = Debug|x64
		{B06C5B5D-4AAB-4FE5-8DD9-31AFAE7E98E6}.Debug|x86.ActiveCfg = Debug|Win32
		{B06C5B5D-4AAB-4FE5-8DD9-31AFAE7E98E6}.Debug|x86.Build.0 = Debug|Win32
		{B06C5B5D-4AAB-4FE5-8DD9-31AFAE7E98E6}.Release|x64.ActiveCfg = Release|x64
		{B06C5B5D-4AAB-4FE5-8DD9-31AFAE7E98E6}.Release|x64.Build.0 = Release|x64
		{B06C5B5D-4AAB-4FE5-8DD9-31AFAE7E98E6}.Release|x86.ActiveCfg = Release|Win32
		{B06C5B5D-4AAB-4FE5-8DD9-31AFAE7E98E6}.Release|x86.Build.0 = Release|Win32
		{1CE983B8-8626-4C71-8427-227580281295}.Debug|x64.ActiveCfg = Debug|x64
		{1CE983B8-8626-4C71-8427-227580281295}.Debug|x64.Build.0 = Debug|x64
		{1CE983B8-8626-4C71-8427-227580281295}.Debug|x86.ActiveCfg = Debug|Win32
		{1CE983B8-8626-4C71-8427-227580281295}.Debug|x86.Build.0 = Debug|Win32
		{1CE983B8-8626-4C71-8427-227580281295}.Release|x64.ActiveCfg = Release|x64
		{1CE983B8-8626-4C71-8427-227580281295}.Release|x64.Build.0 = Release|x64
		{1CE983B8-8626-4C71-8427-227580281295}.Release|x86.ActiveCfg = Release|Win32
		{1CE983B8-8626-4C71-8427-227580281295}.Release|x86.Build.0 = Release|Win32
		{331C5EEB-AA45-4A93-AEBF-B37F56968E71}.Debug|x64.ActiveCfg = Debug|x64
		{331C5EEB-AA45-4A93-AEBF-B37F56968E71}.Debug|x64.Build.0 = Debug|x64
		{331C5EEB-AA45-4A93-AEBF-B37F56968E71}.Debug|x86.ActiveCfg = Debug|Win32
		{331C5EEB-AA45-4A93-AEBF-B37F56968E71}.Debug|x86.Build.0 = Debug|Win32
		{331C5EEB-AA45-4A93-AEBF-B37F56968E71}.Release|x64.ActiveCfg = Release|x64
		{331C5EEB-AA45-4A93-AEBF-B37F56968E71}.Release|x64.Build.0 = Release|x64
		{331C5EEB-AA45-4A93-AEBF-B37F56968E71}.Release|x86.ActiveCfg = Release|Win32
		{331C5EEB-AA45-4A93-AEBF-B37F56968E71}.Release|x86.Build.0 = Release|Win32
		{D78ADE57-5C55-459E-8EBC-B2810161C24B}.Debug|x64.ActiveCfg = Debug|x64
		{D78ADE57-5C55-459E-8EBC-B2810161C24B}.Debug|x64.Build.0 = Debug|x64
		{D78ADE57-5C55-459E-8EBC-B2810161C24B}.Debug|x86.ActiveCfg = Debug|Win32
		{D78ADE57-5C55-459E-8EBC-B2810161C24B}.Debug|x86.Build.0 = Debug|Win32
		{D78ADE57-5C55-459E-8EBC-B2810161C24B}.Release|x64.ActiveCfg = Release|x64
		{D78ADE57-5C55-459E-8EBC-B2810161C24B}.Release|x64.Build.0 = Release|x64
		{D78ADE57-5C55-459E-8EBC-B2810161C24B}.Release|x86.ActiveCfg = Release|Win32
		{D78ADE57-5C55-459E-8EBC-B2810161C24B}.Release|x86.Build.0 = Release|Win32
		{AA07EFF1-0EFF-4DDE-933C-240F1F0A6B45}.Debug|x64.ActiveCfg = Debug|x64
		{AA07EFF1-0EFF-4DDE-933C-240F1F0A6B45}.Debug|x64.Build.0 = Debug|x64
		{AA07EFF1-0EFF-4DDE-933C-240F1F0A6B45}.Debug|x86.ActiveCfg = Debug|Win32
		{AA07EFF1-0EFF-4DDE-933C-240F1F0A6B45}.Debug|x86.Build.0 = Debug|Win32
		{AA07EFF1-0EFF-4DDE-933C-240F1F0A6B45}.Release|x64.ActiveCfg = Release|x64
		{AA07EFF1-0EFF-4DDE-933C-240F1F0A6B45}.Release|x64.Build.0 = Release|x64
		{AA07EFF1-0EFF-4DDE-933C-240F1F0A6B45}.Release|x86.ActiveCfg = Release|Win32
		{AA07EFF1-0EFF-4DDE-933C-240F1F0A6B45}.Release|x86.Build.0 = Release|Win32
		{86C13033-C785-4AF4-9F25-9C4A41574AAF}.Debug|x64.ActiveCfg = Debug|x64
		{86C13033-C785-4AF4-9F25-9C4A41574AAF}.Debug|x64.Build.0 = Debug|x64
		{86C13033-C785-4AF4-9F25-9C4A41574AAF}.Debug|x86.ActiveCfg = Debug|Win32
		{86C13033-C785-4AF4-9F25-9C4A41574AAF}.Debug|x86.Build.0 = Debug|Win32
		{86C13033-C785-4AF4-9F25-9C4A41574AAF}.Release|x64.ActiveCfg = Release|x64
		{86C13033-C785-4AF4-9F25-9C4A41574AAF}.Release|x64.Build.0 = Release|x64
		{86C13033-C785-4AF4-9F25-9C4A41574AAF}.Release|x86.ActiveCfg = Release|Win32
		{86C13033-C785-4AF4-9F25-9C4A41574AAF}.Release|x86.Build.0 = Release|Win32
	EndGlobalSection
	GlobalSection(SolutionProperties) = preSolution
		HideSolutionNode = FALSE
	EndGlobalSection
	GlobalSection(ExtensibilityGlobals) = postSolution
		SolutionGuid = {E19E8E2F-61DE-40F2-83AA-DF984CC70B6E}
	EndGlobalSection
EndGlobal
