
Microsoft Visual Studio Solution File, Format Version 12.00
# Visual Studio Version 17
VisualStudioVersion = 17.5.33516.290
MinimumVisualStudioVersion = 10.0.40219.1
Project("{8BC9CEB8-8B4A-11D0-8D11-00A0C91BC942}") = "Chapter6_1", "Chapter6_1\Chapter6_1.vcxproj", "{582C6E86-E307-4BEC-9424-440254DCD40F}"
EndProject
Project("{8BC9CEB8-8B4A-11D0-8D11-00A0C91BC942}") = "Chapter6_2", "Chapter6_2\Chapter6_2.vcxproj", "{76307ED1-4A17-4028-9BE8-39C0C8E66FF7}"
EndProject
Project("{8BC9CEB8-8B4A-11D0-8D11-00A0C91BC942}") = "Chapter6_3", "Chapter6_3\Chapter6_3.vcxproj", "{3D99C0B2-E7D5-4707-A38B-7188DE8D8C15}"
EndProject
Project("{8BC9CEB8-8B4A-11D0-8D11-00A0C91BC942}") = "Chapter6_4", "Chapter6_4\Chapter6_4.vcxproj", "{AF37F8AB-C599-4A3E-881B-34856E879E45}"
EndProject
Project("{8BC9CEB8-8B4A-11D0-8D11-00A0C91BC942}") = "Chapter6_5", "Chapter6_5\Chapter6_5.vcxproj", "{4A30840D-FE55-4D55-81A3-4F937109FEC7}"
EndProject
Project("{8BC9CEB8-8B4A-11D0-8D11-00A0C91BC942}") = "Chapter6_6", "Chapter6_6\Chapter6_6.vcxproj", "{41E979F2-7BD3-4C08-B6B3-14F4D140580A}"
EndProject
Project("{8BC9CEB8-8B4A-11D0-8D11-00A0C91BC942}") = "Chapter6_7", "Chapter6_7\Chapter6_7.vcxproj", "{C152BB36-3D63-4013-8E42-91BEB2E83A42}"
EndProject
Project("{8BC9CEB8-8B4A-11D0-8D11-00A0C91BC942}") = "Chapter6_8", "Chapter6_8\Chapter6_8.vcxproj", "{D4EFFF7F-B715-4AF1-AB8A-89BFF7B8E61C}"
EndProject
Project("{8BC9CEB8-8B4A-11D0-8D11-00A0C91BC942}") = "Chapter6_9", "Chapter6_9\Chapter6_9.vcxproj", "{AC7EC237-592E-43CF-AC92-5E9A66E477A6}"
EndProject
Project("{8BC9CEB8-8B4A-11D0-8D11-00A0C91BC942}") = "Chapter6_10", "Chapter6_10\Chapter6_10.vcxproj", "{9121F027-C45D-4557-ACF8-C027FC0D92F5}"
EndProject
Project("{8BC9CEB8-8B4A-11D0-8D11-00A0C91BC942}") = "Chapter6_11", "Chapter6_11\Chapter6_11.vcxproj", "{11ADFD75-5BF2-48F4-ABCA-D3C7FCA8A149}"
EndProject
Project("{8BC9CEB8-8B4A-11D0-8D11-00A0C91BC942}") = "Chapter6_12", "Chapter6_12\Chapter6_12.vcxproj", "{5F7546B1-6A9C-4193-9D3A-81D2FB9ECBE5}"
EndProject
Project("{8BC9CEB8-8B4A-11D0-8D11-00A0C91BC942}") = "Chapter6_13", "Chapter6_13\Chapter6_13.vcxproj", "{9D33B8D5-57DF-4069-80F2-226CB668E827}"
EndProject
Project("{8BC9CEB8-8B4A-11D0-8D11-00A0C91BC942}") = "Chapter6_14", "Chapter6_14\Chapter6_14.vcxproj", "{DFC4E44A-FB68-4019-8695-54705329FA13}"
EndProject
Project("{8BC9CEB8-8B4A-11D0-8D11-00A0C91BC942}") = "Chapter6_15", "Chapter6_15\Chapter6_15.vcxproj", "{6CC150FC-CD76-490F-B2E8-DBC2D5AD79B0}"
EndProject
Project("{8BC9CEB8-8B4A-11D0-8D11-00A0C91BC942}") = "Chapter6_16", "Chapter6_16\Chapter6_16.vcxproj", "{8F005D16-91B5-4A2E-9AB0-1C3E8F3381A1}"
EndProject
Project("{8BC9CEB8-8B4A-11D0-8D11-00A0C91BC942}") = "Chapter6_17", "Chapter6_17\Chapter6_17.vcxproj", "{9E8D3EC8-30C7-41E7-B129-81334B07D312}"
EndProject
Project("{8BC9CEB8-8B4A-11D0-8D11-00A0C91BC942}") = "Chapter6_18", "Chapter6_18\Chapter6_18.vcxproj", "{231E1B92-A8B1-4109-A86F-27E174263E0F}"
EndProject
Project("{8BC9CEB8-8B4A-11D0-8D11-00A0C91BC942}") = "Chapter6_19", "Chapter6_19\Chapter6_19.vcxproj", "{7A81EC14-8034-434D-ABD2-DC0AA7A8BC3E}"
EndProject
Project("{8BC9CEB8-8B4A-11D0-8D11-00A0C91BC942}") = "Chapter6_20", "Chapter6_20\Chapter6_20.vcxproj", "{336DDDF4-0DF5-4002-9AB7-E1F3F2E8B7E9}"
EndProject
Project("{8BC9CEB8-8B4A-11D0-8D11-00A0C91BC942}") = "Chapter6_21", "Chapter6_21\Chapter6_21.vcxproj", "{9E7AC46D-4DA1-4F86-B538-2564F92B1144}"
EndProject
Project("{8BC9CEB8-8B4A-11D0-8D11-00A0C91BC942}") = "Chapter6_22", "Chapter6_22\Chapter6_22.vcxproj", "{81494A0C-FBAE-4375-BE52-3C21C0855969}"
EndProject
Global
	GlobalSection(SolutionConfigurationPlatforms) = preSolution
		Debug|x64 = Debug|x64
		Debug|x86 = Debug|x86
		Release|x64 = Release|x64
		Release|x86 = Release|x86
	EndGlobalSection
	GlobalSection(ProjectConfigurationPlatforms) = postSolution
		{582C6E86-E307-4BEC-9424-440254DCD40F}.Debug|x64.ActiveCfg = Debug|x64
		{582C6E86-E307-4BEC-9424-440254DCD40F}.Debug|x64.Build.0 = Debug|x64
		{582C6E86-E307-4BEC-9424-440254DCD40F}.Debug|x86.ActiveCfg = Debug|Win32
		{582C6E86-E307-4BEC-9424-440254DCD40F}.Debug|x86.Build.0 = Debug|Win32
		{582C6E86-E307-4BEC-9424-440254DCD40F}.Release|x64.ActiveCfg = Release|x64
		{582C6E86-E307-4BEC-9424-440254DCD40F}.Release|x64.Build.0 = Release|x64
		{582C6E86-E307-4BEC-9424-440254DCD40F}.Release|x86.ActiveCfg = Release|Win32
		{582C6E86-E307-4BEC-9424-440254DCD40F}.Release|x86.Build.0 = Release|Win32
		{76307ED1-4A17-4028-9BE8-39C0C8E66FF7}.Debug|x64.ActiveCfg = Debug|x64
		{76307ED1-4A17-4028-9BE8-39C0C8E66FF7}.Debug|x64.Build.0 = Debug|x64
		{76307ED1-4A17-4028-9BE8-39C0C8E66FF7}.Debug|x86.ActiveCfg = Debug|Win32
		{76307ED1-4A17-4028-9BE8-39C0C8E66FF7}.Debug|x86.Build.0 = Debug|Win32
		{76307ED1-4A17-4028-9BE8-39C0C8E66FF7}.Release|x64.ActiveCfg = Release|x64
		{76307ED1-4A17-4028-9BE8-39C0C8E66FF7}.Release|x64.Build.0 = Release|x64
		{76307ED1-4A17-4028-9BE8-39C0C8E66FF7}.Release|x86.ActiveCfg = Release|Win32
		{76307ED1-4A17-4028-9BE8-39C0C8E66FF7}.Release|x86.Build.0 = Release|Win32
		{3D99C0B2-E7D5-4707-A38B-7188DE8D8C15}.Debug|x64.ActiveCfg = Debug|x64
		{3D99C0B2-E7D5-4707-A38B-7188DE8D8C15}.Debug|x64.Build.0 = Debug|x64
		{3D99C0B2-E7D5-4707-A38B-7188DE8D8C15}.Debug|x86.ActiveCfg = Debug|Win32
		{3D99C0B2-E7D5-4707-A38B-7188DE8D8C15}.Debug|x86.Build.0 = Debug|Win32
		{3D99C0B2-E7D5-4707-A38B-7188DE8D8C15}.Release|x64.ActiveCfg = Release|x64
		{3D99C0B2-E7D5-4707-A38B-7188DE8D8C15}.Release|x64.Build.0 = Release|x64
		{3D99C0B2-E7D5-4707-A38B-7188DE8D8C15}.Release|x86.ActiveCfg = Release|Win32
		{3D99C0B2-E7D5-4707-A38B-7188DE8D8C15}.Release|x86.Build.0 = Release|Win32
		{AF37F8AB-C599-4A3E-881B-34856E879E45}.Debug|x64.ActiveCfg = Debug|x64
		{AF37F8AB-C599-4A3E-881B-34856E879E45}.Debug|x64.Build.0 = Debug|x64
		{AF37F8AB-C599-4A3E-881B-34856E879E45}.Debug|x86.ActiveCfg = Debug|Win32
		{AF37F8AB-C599-4A3E-881B-34856E879E45}.Debug|x86.Build.0 = Debug|Win32
		{AF37F8AB-C599-4A3E-881B-34856E879E45}.Release|x64.ActiveCfg = Release|x64
		{AF37F8AB-C599-4A3E-881B-34856E879E45}.Release|x64.Build.0 = Release|x64
		{AF37F8AB-C599-4A3E-881B-34856E879E45}.Release|x86.ActiveCfg = Release|Win32
		{AF37F8AB-C599-4A3E-881B-34856E879E45}.Release|x86.Build.0 = Release|Win32
		{4A30840D-FE55-4D55-81A3-4F937109FEC7}.Debug|x64.ActiveCfg = Debug|x64
		{4A30840D-FE55-4D55-81A3-4F937109FEC7}.Debug|x64.Build.0 = Debug|x64
		{4A30840D-FE55-4D55-81A3-4F937109FEC7}.Debug|x86.ActiveCfg = Debug|Win32
		{4A30840D-FE55-4D55-81A3-4F937109FEC7}.Debug|x86.Build.0 = Debug|Win32
		{4A30840D-FE55-4D55-81A3-4F937109FEC7}.Release|x64.ActiveCfg = Release|x64
		{4A30840D-FE55-4D55-81A3-4F937109FEC7}.Release|x64.Build.0 = Release|x64
		{4A30840D-FE55-4D55-81A3-4F937109FEC7}.Release|x86.ActiveCfg = Release|Win32
		{4A30840D-FE55-4D55-81A3-4F937109FEC7}.Release|x86.Build.0 = Release|Win32
		{41E979F2-7BD3-4C08-B6B3-14F4D140580A}.Debug|x64.ActiveCfg = Debug|x64
		{41E979F2-7BD3-4C08-B6B3-14F4D140580A}.Debug|x64.Build.0 = Debug|x64
		{41E979F2-7BD3-4C08-B6B3-14F4D140580A}.Debug|x86.ActiveCfg = Debug|Win32
		{41E979F2-7BD3-4C08-B6B3-14F4D140580A}.Debug|x86.Build.0 = Debug|Win32
		{41E979F2-7BD3-4C08-B6B3-14F4D140580A}.Release|x64.ActiveCfg = Release|x64
		{41E979F2-7BD3-4C08-B6B3-14F4D140580A}.Release|x64.Build.0 = Release|x64
		{41E979F2-7BD3-4C08-B6B3-14F4D140580A}.Release|x86.ActiveCfg = Release|Win32
		{41E979F2-7BD3-4C08-B6B3-14F4D140580A}.Release|x86.Build.0 = Release|Win32
		{C152BB36-3D63-4013-8E42-91BEB2E83A42}.Debug|x64.ActiveCfg = Debug|x64
		{C152BB36-3D63-4013-8E42-91BEB2E83A42}.Debug|x64.Build.0 = Debug|x64
		{C152BB36-3D63-4013-8E42-91BEB2E83A42}.Debug|x86.ActiveCfg = Debug|Win32
		{C152BB36-3D63-4013-8E42-91BEB2E83A42}.Debug|x86.Build.0 = Debug|Win32
		{C152BB36-3D63-4013-8E42-91BEB2E83A42}.Release|x64.ActiveCfg = Release|x64
		{C152BB36-3D63-4013-8E42-91BEB2E83A42}.Release|x64.Build.0 = Release|x64
		{C152BB36-3D63-4013-8E42-91BEB2E83A42}.Release|x86.ActiveCfg = Release|Win32
		{C152BB36-3D63-4013-8E42-91BEB2E83A42}.Release|x86.Build.0 = Release|Win32
		{D4EFFF7F-B715-4AF1-AB8A-89BFF7B8E61C}.Debug|x64.ActiveCfg = Debug|x64
		{D4EFFF7F-B715-4AF1-AB8A-89BFF7B8E61C}.Debug|x64.Build.0 = Debug|x64
		{D4EFFF7F-B715-4AF1-AB8A-89BFF7B8E61C}.Debug|x86.ActiveCfg = Debug|Win32
		{D4EFFF7F-B715-4AF1-AB8A-89BFF7B8E61C}.Debug|x86.Build.0 = Debug|Win32
		{D4EFFF7F-B715-4AF1-AB8A-89BFF7B8E61C}.Release|x64.ActiveCfg = Release|x64
		{D4EFFF7F-B715-4AF1-AB8A-89BFF7B8E61C}.Release|x64.Build.0 = Release|x64
		{D4EFFF7F-B715-4AF1-AB8A-89BFF7B8E61C}.Release|x86.ActiveCfg = Release|Win32
		{D4EFFF7F-B715-4AF1-AB8A-89BFF7B8E61C}.Release|x86.Build.0 = Release|Win32
		{AC7EC237-592E-43CF-AC92-5E9A66E477A6}.Debug|x64.ActiveCfg = Debug|x64
		{AC7EC237-592E-43CF-AC92-5E9A66E477A6}.Debug|x64.Build.0 = Debug|x64
		{AC7EC237-592E-43CF-AC92-5E9A66E477A6}.Debug|x86.ActiveCfg = Debug|Win32
		{AC7EC237-592E-43CF-AC92-5E9A66E477A6}.Debug|x86.Build.0 = Debug|Win32
		{AC7EC237-592E-43CF-AC92-5E9A66E477A6}.Release|x64.ActiveCfg = Release|x64
		{AC7EC237-592E-43CF-AC92-5E9A66E477A6}.Release|x64.Build.0 = Release|x64
		{AC7EC237-592E-43CF-AC92-5E9A66E477A6}.Release|x86.ActiveCfg = Release|Win32
		{AC7EC237-592E-43CF-AC92-5E9A66E477A6}.Release|x86.Build.0 = Release|Win32
		{9121F027-C45D-4557-ACF8-C027FC0D92F5}.Debug|x64.ActiveCfg = Debug|x64
		{9121F027-C45D-4557-ACF8-C027FC0D92F5}.Debug|x64.Build.0 = Debug|x64
		{9121F027-C45D-4557-ACF8-C027FC0D92F5}.Debug|x86.ActiveCfg = Debug|Win32
		{9121F027-C45D-4557-ACF8-C027FC0D92F5}.Debug|x86.Build.0 = Debug|Win32
		{9121F027-C45D-4557-ACF8-C027FC0D92F5}.Release|x64.ActiveCfg = Release|x64
		{9121F027-C45D-4557-ACF8-C027FC0D92F5}.Release|x64.Build.0 = Release|x64
		{9121F027-C45D-4557-ACF8-C027FC0D92F5}.Release|x86.ActiveCfg = Release|Win32
		{9121F027-C45D-4557-ACF8-C027FC0D92F5}.Release|x86.Build.0 = Release|Win32
		{11ADFD75-5BF2-48F4-ABCA-D3C7FCA8A149}.Debug|x64.ActiveCfg = Debug|x64
		{11ADFD75-5BF2-48F4-ABCA-D3C7FCA8A149}.Debug|x64.Build.0 = Debug|x64
		{11ADFD75-5BF2-48F4-ABCA-D3C7FCA8A149}.Debug|x86.ActiveCfg = Debug|Win32
		{11ADFD75-5BF2-48F4-ABCA-D3C7FCA8A149}.Debug|x86.Build.0 = Debug|Win32
		{11ADFD75-5BF2-48F4-ABCA-D3C7FCA8A149}.Release|x64.ActiveCfg = Release|x64
		{11ADFD75-5BF2-48F4-ABCA-D3C7FCA8A149}.Release|x64.Build.0 = Release|x64
		{11ADFD75-5BF2-48F4-ABCA-D3C7FCA8A149}.Release|x86.ActiveCfg = Release|Win32
		{11ADFD75-5BF2-48F4-ABCA-D3C7FCA8A149}.Release|x86.Build.0 = Release|Win32
		{5F7546B1-6A9C-4193-9D3A-81D2FB9ECBE5}.Debug|x64.ActiveCfg = Debug|x64
		{5F7546B1-6A9C-4193-9D3A-81D2FB9ECBE5}.Debug|x64.Build.0 = Debug|x64
		{5F7546B1-6A9C-4193-9D3A-81D2FB9ECBE5}.Debug|x86.ActiveCfg = Debug|Win32
		{5F7546B1-6A9C-4193-9D3A-81D2FB9ECBE5}.Debug|x86.Build.0 = Debug|Win32
		{5F7546B1-6A9C-4193-9D3A-81D2FB9ECBE5}.Release|x64.ActiveCfg = Release|x64
		{5F7546B1-6A9C-4193-9D3A-81D2FB9ECBE5}.Release|x64.Build.0 = Release|x64
		{5F7546B1-6A9C-4193-9D3A-81D2FB9ECBE5}.Release|x86.ActiveCfg = Release|Win32
		{5F7546B1-6A9C-4193-9D3A-81D2FB9ECBE5}.Release|x86.Build.0 = Release|Win32
		{9D33B8D5-57DF-4069-80F2-226CB668E827}.Debug|x64.ActiveCfg = Debug|x64
		{9D33B8D5-57DF-4069-80F2-226CB668E827}.Debug|x64.Build.0 = Debug|x64
		{9D33B8D5-57DF-4069-80F2-226CB668E827}.Debug|x86.ActiveCfg = Debug|Win32
		{9D33B8D5-57DF-4069-80F2-226CB668E827}.Debug|x86.Build.0 = Debug|Win32
		{9D33B8D5-57DF-4069-80F2-226CB668E827}.Release|x64.ActiveCfg = Release|x64
		{9D33B8D5-57DF-4069-80F2-226CB668E827}.Release|x64.Build.0 = Release|x64
		{9D33B8D5-57DF-4069-80F2-226CB668E827}.Release|x86.ActiveCfg = Release|Win32
		{9D33B8D5-57DF-4069-80F2-226CB668E827}.Release|x86.Build.0 = Release|Win32
		{DFC4E44A-FB68-4019-8695-54705329FA13}.Debug|x64.ActiveCfg = Debug|x64
		{DFC4E44A-FB68-4019-8695-54705329FA13}.Debug|x64.Build.0 = Debug|x64
		{DFC4E44A-FB68-4019-8695-54705329FA13}.Debug|x86.ActiveCfg = Debug|Win32
		{DFC4E44A-FB68-4019-8695-54705329FA13}.Debug|x86.Build.0 = Debug|Win32
		{DFC4E44A-FB68-4019-8695-54705329FA13}.Release|x64.ActiveCfg = Release|x64
		{DFC4E44A-FB68-4019-8695-54705329FA13}.Release|x64.Build.0 = Release|x64
		{DFC4E44A-FB68-4019-8695-54705329FA13}.Release|x86.ActiveCfg = Release|Win32
		{DFC4E44A-FB68-4019-8695-54705329FA13}.Release|x86.Build.0 = Release|Win32
		{6CC150FC-CD76-490F-B2E8-DBC2D5AD79B0}.Debug|x64.ActiveCfg = Debug|x64
		{6CC150FC-CD76-490F-B2E8-DBC2D5AD79B0}.Debug|x64.Build.0 = Debug|x64
		{6CC150FC-CD76-490F-B2E8-DBC2D5AD79B0}.Debug|x86.ActiveCfg = Debug|Win32
		{6CC150FC-CD76-490F-B2E8-DBC2D5AD79B0}.Debug|x86.Build.0 = Debug|Win32
		{6CC150FC-CD76-490F-B2E8-DBC2D5AD79B0}.Release|x64.ActiveCfg = Release|x64
		{6CC150FC-CD76-490F-B2E8-DBC2D5AD79B0}.Release|x64.Build.0 = Release|x64
		{6CC150FC-CD76-490F-B2E8-DBC2D5AD79B0}.Release|x86.ActiveCfg = Release|Win32
		{6CC150FC-CD76-490F-B2E8-DBC2D5AD79B0}.Release|x86.Build.0 = Release|Win32
		{8F005D16-91B5-4A2E-9AB0-1C3E8F3381A1}.Debug|x64.ActiveCfg = Debug|x64
		{8F005D16-91B5-4A2E-9AB0-1C3E8F3381A1}.Debug|x64.Build.0 = Debug|x64
		{8F005D16-91B5-4A2E-9AB0-1C3E8F3381A1}.Debug|x86.ActiveCfg = Debug|Win32
		{8F005D16-91B5-4A2E-9AB0-1C3E8F3381A1}.Debug|x86.Build.0 = Debug|Win32
		{8F005D16-91B5-4A2E-9AB0-1C3E8F3381A1}.Release|x64.ActiveCfg = Release|x64
		{8F005D16-91B5-4A2E-9AB0-1C3E8F3381A1}.Release|x64.Build.0 = Release|x64
		{8F005D16-91B5-4A2E-9AB0-1C3E8F3381A1}.Release|x86.ActiveCfg = Release|Win32
		{8F005D16-91B5-4A2E-9AB0-1C3E8F3381A1}.Release|x86.Build.0 = Release|Win32
		{9E8D3EC8-30C7-41E7-B129-81334B07D312}.Debug|x64.ActiveCfg = Debug|x64
		{9E8D3EC8-30C7-41E7-B129-81334B07D312}.Debug|x64.Build.0 = Debug|x64
		{9E8D3EC8-30C7-41E7-B129-81334B07D312}.Debug|x86.ActiveCfg = Debug|Win32
		{9E8D3EC8-30C7-41E7-B129-81334B07D312}.Debug|x86.Build.0 = Debug|Win32
		{9E8D3EC8-30C7-41E7-B129-81334B07D312}.Release|x64.ActiveCfg = Release|x64
		{9E8D3EC8-30C7-41E7-B129-81334B07D312}.Release|x64.Build.0 = Release|x64
		{9E8D3EC8-30C7-41E7-B129-81334B07D312}.Release|x86.ActiveCfg = Release|Win32
		{9E8D3EC8-30C7-41E7-B129-81334B07D312}.Release|x86.Build.0 = Release|Win32
		{231E1B92-A8B1-4109-A86F-27E174263E0F}.Debug|x64.ActiveCfg = Debug|x64
		{231E1B92-A8B1-4109-A86F-27E174263E0F}.Debug|x64.Build.0 = Debug|x64
		{231E1B92-A8B1-4109-A86F-27E174263E0F}.Debug|x86.ActiveCfg = Debug|Win32
		{231E1B92-A8B1-4109-A86F-27E174263E0F}.Debug|x86.Build.0 = Debug|Win32
		{231E1B92-A8B1-4109-A86F-27E174263E0F}.Release|x64.ActiveCfg = Release|x64
		{231E1B92-A8B1-4109-A86F-27E174263E0F}.Release|x64.Build.0 = Release|x64
		{231E1B92-A8B1-4109-A86F-27E174263E0F}.Release|x86.ActiveCfg = Release|Win32
		{231E1B92-A8B1-4109-A86F-27E174263E0F}.Release|x86.Build.0 = Release|Win32
		{7A81EC14-8034-434D-ABD2-DC0AA7A8BC3E}.Debug|x64.ActiveCfg = Debug|x64
		{7A81EC14-8034-434D-ABD2-DC0AA7A8BC3E}.Debug|x64.Build.0 = Debug|x64
		{7A81EC14-8034-434D-ABD2-DC0AA7A8BC3E}.Debug|x86.ActiveCfg = Debug|Win32
		{7A81EC14-8034-434D-ABD2-DC0AA7A8BC3E}.Debug|x86.Build.0 = Debug|Win32
		{7A81EC14-8034-434D-ABD2-DC0AA7A8BC3E}.Release|x64.ActiveCfg = Release|x64
		{7A81EC14-8034-434D-ABD2-DC0AA7A8BC3E}.Release|x64.Build.0 = Release|x64
		{7A81EC14-8034-434D-ABD2-DC0AA7A8BC3E}.Release|x86.ActiveCfg = Release|Win32
		{7A81EC14-8034-434D-ABD2-DC0AA7A8BC3E}.Release|x86.Build.0 = Release|Win32
		{336DDDF4-0DF5-4002-9AB7-E1F3F2E8B7E9}.Debug|x64.ActiveCfg = Debug|x64
		{336DDDF4-0DF5-4002-9AB7-E1F3F2E8B7E9}.Debug|x64.Build.0 = Debug|x64
		{336DDDF4-0DF5-4002-9AB7-E1F3F2E8B7E9}.Debug|x86.ActiveCfg = Debug|Win32
		{336DDDF4-0DF5-4002-9AB7-E1F3F2E8B7E9}.Debug|x86.Build.0 = Debug|Win32
		{336DDDF4-0DF5-4002-9AB7-E1F3F2E8B7E9}.Release|x64.ActiveCfg = Release|x64
		{336DDDF4-0DF5-4002-9AB7-E1F3F2E8B7E9}.Release|x64.Build.0 = Release|x64
		{336DDDF4-0DF5-4002-9AB7-E1F3F2E8B7E9}.Release|x86.ActiveCfg = Release|Win32
		{336DDDF4-0DF5-4002-9AB7-E1F3F2E8B7E9}.Release|x86.Build.0 = Release|Win32
		{9E7AC46D-4DA1-4F86-B538-2564F92B1144}.Debug|x64.ActiveCfg = Debug|x64
		{9E7AC46D-4DA1-4F86-B538-2564F92B1144}.Debug|x64.Build.0 = Debug|x64
		{9E7AC46D-4DA1-4F86-B538-2564F92B1144}.Debug|x86.ActiveCfg = Debug|Win32
		{9E7AC46D-4DA1-4F86-B538-2564F92B1144}.Debug|x86.Build.0 = Debug|Win32
		{9E7AC46D-4DA1-4F86-B538-2564F92B1144}.Release|x64.ActiveCfg = Release|x64
		{9E7AC46D-4DA1-4F86-B538-2564F92B1144}.Release|x64.Build.0 = Release|x64
		{9E7AC46D-4DA1-4F86-B538-2564F92B1144}.Release|x86.ActiveCfg = Release|Win32
		{9E7AC46D-4DA1-4F86-B538-2564F92B1144}.Release|x86.Build.0 = Release|Win32
		{81494A0C-FBAE-4375-BE52-3C21C0855969}.Debug|x64.ActiveCfg = Debug|x64
		{81494A0C-FBAE-4375-BE52-3C21C0855969}.Debug|x64.Build.0 = Debug|x64
		{81494A0C-FBAE-4375-BE52-3C21C0855969}.Debug|x86.ActiveCfg = Debug|Win32
		{81494A0C-FBAE-4375-BE52-3C21C0855969}.Debug|x86.Build.0 = Debug|Win32
		{81494A0C-FBAE-4375-BE52-3C21C0855969}.Release|x64.ActiveCfg = Release|x64
		{81494A0C-FBAE-4375-BE52-3C21C0855969}.Release|x64.Build.0 = Release|x64
		{81494A0C-FBAE-4375-BE52-3C21C0855969}.Release|x86.ActiveCfg = Release|Win32
		{81494A0C-FBAE-4375-BE52-3C21C0855969}.Release|x86.Build.0 = Release|Win32
	EndGlobalSection
	GlobalSection(SolutionProperties) = preSolution
		HideSolutionNode = FALSE
	EndGlobalSection
	GlobalSection(ExtensibilityGlobals) = postSolution
		SolutionGuid = {068BB00F-0CF7-4833-AEB6-701935865900}
	EndGlobalSection
EndGlobal
