
Microsoft Visual Studio Solution File, Format Version 12.00
# Visual Studio Version 17
VisualStudioVersion = 17.5.33530.505
MinimumVisualStudioVersion = 10.0.40219.1
Project("{8BC9CEB8-8B4A-11D0-8D11-00A0C91BC942}") = "Chapter12_1", "Chapter12_1\Chapter12_1.vcxproj", "{07EC3726-A251-45C6-8C5D-0CEFA27709CA}"
EndProject
Project("{8BC9CEB8-8B4A-11D0-8D11-00A0C91BC942}") = "Chapter12_2", "Chapter12_2\Chapter12_2.vcxproj", "{2AEA60C0-9783-454C-8ECC-406B3EEBB2FC}"
EndProject
Project("{8BC9CEB8-8B4A-11D0-8D11-00A0C91BC942}") = "Chapter12_3", "Chapter12_3\Chapter12_3.vcxproj", "{C8D28A40-1EFE-4F2E-AD40-928664DBA101}"
EndProject
Project("{8BC9CEB8-8B4A-11D0-8D11-00A0C91BC942}") = "Chapter12_4", "Chapter12_4\Chapter12_4.vcxproj", "{E161CB9F-027A-481B-B005-7750BAAAE29B}"
EndProject
Project("{8BC9CEB8-8B4A-11D0-8D11-00A0C91BC942}") = "Chapter12_5", "Chapter12_5\Chapter12_5.vcxproj", "{94B9256F-AE36-43AB-9BCA-2DF0961EDB92}"
EndProject
Project("{8BC9CEB8-8B4A-11D0-8D11-00A0C91BC942}") = "Chapter12_6", "Chapter12_6\Chapter12_6.vcxproj", "{BD3C0AC5-A2D8-458F-8DE5-A79C017D6430}"
EndProject
Project("{8BC9CEB8-8B4A-11D0-8D11-00A0C91BC942}") = "Chapter12_7", "Chapter12_7\Chapter12_7.vcxproj", "{F98D0409-C9A7-49DC-8595-B5DAA8F5B34F}"
EndProject
Project("{8BC9CEB8-8B4A-11D0-8D11-00A0C91BC942}") = "Chapter12_8", "Chapter12_8\Chapter12_8.vcxproj", "{C46DCF3E-86D4-4DC7-B970-528248CC1D7C}"
EndProject
Project("{8BC9CEB8-8B4A-11D0-8D11-00A0C91BC942}") = "Chapter12_9", "Chapter12_9\Chapter12_9.vcxproj", "{CB031B93-21EF-41AF-A570-786A7489C0FA}"
EndProject
Project("{8BC9CEB8-8B4A-11D0-8D11-00A0C91BC942}") = "Chapter12_10", "Chapter12_10\Chapter12_10.vcxproj", "{685D3DD0-E392-4A92-91E6-1B9A958F78F7}"
EndProject
Project("{8BC9CEB8-8B4A-11D0-8D11-00A0C91BC942}") = "Chapter12_11", "Chapter12_11\Chapter12_11.vcxproj", "{01875369-63C1-4F8E-93F2-AACEABAD4B93}"
EndProject
Global
	GlobalSection(SolutionConfigurationPlatforms) = preSolution
		Debug|x64 = Debug|x64
		Debug|x86 = Debug|x86
		Release|x64 = Release|x64
		Release|x86 = Release|x86
	EndGlobalSection
	GlobalSection(ProjectConfigurationPlatforms) = postSolution
		{07EC3726-A251-45C6-8C5D-0CEFA27709CA}.Debug|x64.ActiveCfg = Debug|x64
		{07EC3726-A251-45C6-8C5D-0CEFA27709CA}.Debug|x64.Build.0 = Debug|x64
		{07EC3726-A251-45C6-8C5D-0CEFA27709CA}.Debug|x86.ActiveCfg = Debug|Win32
		{07EC3726-A251-45C6-8C5D-0CEFA27709CA}.Debug|x86.Build.0 = Debug|Win32
		{07EC3726-A251-45C6-8C5D-0CEFA27709CA}.Release|x64.ActiveCfg = Release|x64
		{07EC3726-A251-45C6-8C5D-0CEFA27709CA}.Release|x64.Build.0 = Release|x64
		{07EC3726-A251-45C6-8C5D-0CEFA27709CA}.Release|x86.ActiveCfg = Release|Win32
		{07EC3726-A251-45C6-8C5D-0CEFA27709CA}.Release|x86.Build.0 = Release|Win32
		{2AEA60C0-9783-454C-8ECC-406B3EEBB2FC}.Debug|x64.ActiveCfg = Debug|x64
		{2AEA60C0-9783-454C-8ECC-406B3EEBB2FC}.Debug|x64.Build.0 = Debug|x64
		{2AEA60C0-9783-454C-8ECC-406B3EEBB2FC}.Debug|x86.ActiveCfg = Debug|Win32
		{2AEA60C0-9783-454C-8ECC-406B3EEBB2FC}.Debug|x86.Build.0 = Debug|Win32
		{2AEA60C0-9783-454C-8ECC-406B3EEBB2FC}.Release|x64.ActiveCfg = Release|x64
		{2AEA60C0-9783-454C-8ECC-406B3EEBB2FC}.Release|x64.Build.0 = Release|x64
		{2AEA60C0-9783-454C-8ECC-406B3EEBB2FC}.Release|x86.ActiveCfg = Release|Win32
		{2AEA60C0-9783-454C-8ECC-406B3EEBB2FC}.Release|x86.Build.0 = Release|Win32
		{C8D28A40-1EFE-4F2E-AD40-928664DBA101}.Debug|x64.ActiveCfg = Debug|x64
		{C8D28A40-1EFE-4F2E-AD40-928664DBA101}.Debug|x64.Build.0 = Debug|x64
		{C8D28A40-1EFE-4F2E-AD40-928664DBA101}.Debug|x86.ActiveCfg = Debug|Win32
		{C8D28A40-1EFE-4F2E-AD40-928664DBA101}.Debug|x86.Build.0 = Debug|Win32
		{C8D28A40-1EFE-4F2E-AD40-928664DBA101}.Release|x64.ActiveCfg = Release|x64
		{C8D28A40-1EFE-4F2E-AD40-928664DBA101}.Release|x64.Build.0 = Release|x64
		{C8D28A40-1EFE-4F2E-AD40-928664DBA101}.Release|x86.ActiveCfg = Release|Win32
		{C8D28A40-1EFE-4F2E-AD40-928664DBA101}.Release|x86.Build.0 = Release|Win32
		{E161CB9F-027A-481B-B005-7750BAAAE29B}.Debug|x64.ActiveCfg = Debug|x64
		{E161CB9F-027A-481B-B005-7750BAAAE29B}.Debug|x64.Build.0 = Debug|x64
		{E161CB9F-027A-481B-B005-7750BAAAE29B}.Debug|x86.ActiveCfg = Debug|Win32
		{E161CB9F-027A-481B-B005-7750BAAAE29B}.Debug|x86.Build.0 = Debug|Win32
		{E161CB9F-027A-481B-B005-7750BAAAE29B}.Release|x64.ActiveCfg = Release|x64
		{E161CB9F-027A-481B-B005-7750BAAAE29B}.Release|x64.Build.0 = Release|x64
		{E161CB9F-027A-481B-B005-7750BAAAE29B}.Release|x86.ActiveCfg = Release|Win32
		{E161CB9F-027A-481B-B005-7750BAAAE29B}.Release|x86.Build.0 = Release|Win32
		{94B9256F-AE36-43AB-9BCA-2DF0961EDB92}.Debug|x64.ActiveCfg = Debug|x64
		{94B9256F-AE36-43AB-9BCA-2DF0961EDB92}.Debug|x64.Build.0 = Debug|x64
		{94B9256F-AE36-43AB-9BCA-2DF0961EDB92}.Debug|x86.ActiveCfg = Debug|Win32
		{94B9256F-AE36-43AB-9BCA-2DF0961EDB92}.Debug|x86.Build.0 = Debug|Win32
		{94B9256F-AE36-43AB-9BCA-2DF0961EDB92}.Release|x64.ActiveCfg = Release|x64
		{94B9256F-AE36-43AB-9BCA-2DF0961EDB92}.Release|x64.Build.0 = Release|x64
		{94B9256F-AE36-43AB-9BCA-2DF0961EDB92}.Release|x86.ActiveCfg = Release|Win32
		{94B9256F-AE36-43AB-9BCA-2DF0961EDB92}.Release|x86.Build.0 = Release|Win32
		{BD3C0AC5-A2D8-458F-8DE5-A79C017D6430}.Debug|x64.ActiveCfg = Debug|x64
		{BD3C0AC5-A2D8-458F-8DE5-A79C017D6430}.Debug|x64.Build.0 = Debug|x64
		{BD3C0AC5-A2D8-458F-8DE5-A79C017D6430}.Debug|x86.ActiveCfg = Debug|Win32
		{BD3C0AC5-A2D8-458F-8DE5-A79C017D6430}.Debug|x86.Build.0 = Debug|Win32
		{BD3C0AC5-A2D8-458F-8DE5-A79C017D6430}.Release|x64.ActiveCfg = Release|x64
		{BD3C0AC5-A2D8-458F-8DE5-A79C017D6430}.Release|x64.Build.0 = Release|x64
		{BD3C0AC5-A2D8-458F-8DE5-A79C017D6430}.Release|x86.ActiveCfg = Release|Win32
		{BD3C0AC5-A2D8-458F-8DE5-A79C017D6430}.Release|x86.Build.0 = Release|Win32
		{F98D0409-C9A7-49DC-8595-B5DAA8F5B34F}.Debug|x64.ActiveCfg = Debug|x64
		{F98D0409-C9A7-49DC-8595-B5DAA8F5B34F}.Debug|x64.Build.0 = Debug|x64
		{F98D0409-C9A7-49DC-8595-B5DAA8F5B34F}.Debug|x86.ActiveCfg = Debug|Win32
		{F98D0409-C9A7-49DC-8595-B5DAA8F5B34F}.Debug|x86.Build.0 = Debug|Win32
		{F98D0409-C9A7-49DC-8595-B5DAA8F5B34F}.Release|x64.ActiveCfg = Release|x64
		{F98D0409-C9A7-49DC-8595-B5DAA8F5B34F}.Release|x64.Build.0 = Release|x64
		{F98D0409-C9A7-49DC-8595-B5DAA8F5B34F}.Release|x86.ActiveCfg = Release|Win32
		{F98D0409-C9A7-49DC-8595-B5DAA8F5B34F}.Release|x86.Build.0 = Release|Win32
		{C46DCF3E-86D4-4DC7-B970-528248CC1D7C}.Debug|x64.ActiveCfg = Debug|x64
		{C46DCF3E-86D4-4DC7-B970-528248CC1D7C}.Debug|x64.Build.0 = Debug|x64
		{C46DCF3E-86D4-4DC7-B970-528248CC1D7C}.Debug|x86.ActiveCfg = Debug|Win32
		{C46DCF3E-86D4-4DC7-B970-528248CC1D7C}.Debug|x86.Build.0 = Debug|Win32
		{C46DCF3E-86D4-4DC7-B970-528248CC1D7C}.Release|x64.ActiveCfg = Release|x64
		{C46DCF3E-86D4-4DC7-B970-528248CC1D7C}.Release|x64.Build.0 = Release|x64
		{C46DCF3E-86D4-4DC7-B970-528248CC1D7C}.Release|x86.ActiveCfg = Release|Win32
		{C46DCF3E-86D4-4DC7-B970-528248CC1D7C}.Release|x86.Build.0 = Release|Win32
		{CB031B93-21EF-41AF-A570-786A7489C0FA}.Debug|x64.ActiveCfg = Debug|x64
		{CB031B93-21EF-41AF-A570-786A7489C0FA}.Debug|x64.Build.0 = Debug|x64
		{CB031B93-21EF-41AF-A570-786A7489C0FA}.Debug|x86.ActiveCfg = Debug|Win32
		{CB031B93-21EF-41AF-A570-786A7489C0FA}.Debug|x86.Build.0 = Debug|Win32
		{CB031B93-21EF-41AF-A570-786A7489C0FA}.Release|x64.ActiveCfg = Release|x64
		{CB031B93-21EF-41AF-A570-786A7489C0FA}.Release|x64.Build.0 = Release|x64
		{CB031B93-21EF-41AF-A570-786A7489C0FA}.Release|x86.ActiveCfg = Release|Win32
		{CB031B93-21EF-41AF-A570-786A7489C0FA}.Release|x86.Build.0 = Release|Win32
		{685D3DD0-E392-4A92-91E6-1B9A958F78F7}.Debug|x64.ActiveCfg = Debug|x64
		{685D3DD0-E392-4A92-91E6-1B9A958F78F7}.Debug|x64.Build.0 = Debug|x64
		{685D3DD0-E392-4A92-91E6-1B9A958F78F7}.Debug|x86.ActiveCfg = Debug|Win32
		{685D3DD0-E392-4A92-91E6-1B9A958F78F7}.Debug|x86.Build.0 = Debug|Win32
		{685D3DD0-E392-4A92-91E6-1B9A958F78F7}.Release|x64.ActiveCfg = Release|x64
		{685D3DD0-E392-4A92-91E6-1B9A958F78F7}.Release|x64.Build.0 = Release|x64
		{685D3DD0-E392-4A92-91E6-1B9A958F78F7}.Release|x86.ActiveCfg = Release|Win32
		{685D3DD0-E392-4A92-91E6-1B9A958F78F7}.Release|x86.Build.0 = Release|Win32
		{01875369-63C1-4F8E-93F2-AACEABAD4B93}.Debug|x64.ActiveCfg = Debug|x64
		{01875369-63C1-4F8E-93F2-AACEABAD4B93}.Debug|x64.Build.0 = Debug|x64
		{01875369-63C1-4F8E-93F2-AACEABAD4B93}.Debug|x86.ActiveCfg = Debug|Win32
		{01875369-63C1-4F8E-93F2-AACEABAD4B93}.Debug|x86.Build.0 = Debug|Win32
		{01875369-63C1-4F8E-93F2-AACEABAD4B93}.Release|x64.ActiveCfg = Release|x64
		{01875369-63C1-4F8E-93F2-AACEABAD4B93}.Release|x64.Build.0 = Release|x64
		{01875369-63C1-4F8E-93F2-AACEABAD4B93}.Release|x86.ActiveCfg = Release|Win32
		{01875369-63C1-4F8E-93F2-AACEABAD4B93}.Release|x86.Build.0 = Release|Win32
	EndGlobalSection
	GlobalSection(SolutionProperties) = preSolution
		HideSolutionNode = FALSE
	EndGlobalSection
	GlobalSection(ExtensibilityGlobals) = postSolution
		SolutionGuid = {B231B9A7-D5BE-4751-9898-353E22EAC282}
	EndGlobalSection
EndGlobal
