
Microsoft Visual Studio Solution File, Format Version 12.00
# Visual Studio Version 17
VisualStudioVersion = 17.5.33530.505
MinimumVisualStudioVersion = 10.0.40219.1
Project("{8BC9CEB8-8B4A-11D0-8D11-00A0C91BC942}") = "Chapter8_1", "Chapter8_1\Chapter8_1.vcxproj", "{F94481AB-F208-4D97-ADE7-5416D647535D}"
EndProject
Project("{8BC9CEB8-8B4A-11D0-8D11-00A0C91BC942}") = "Chapter8_2", "Chapter8_2\Chapter8_2.vcxproj", "{C7B737F3-9BF2-4424-A804-FC73810526E8}"
EndProject
Project("{8BC9CEB8-8B4A-11D0-8D11-00A0C91BC942}") = "Chapter8_3", "Chapter8_3\Chapter8_3.vcxproj", "{1A96DE31-45BD-48DA-BD6F-B6E914180EDD}"
EndProject
Project("{8BC9CEB8-8B4A-11D0-8D11-00A0C91BC942}") = "Chapter8_4", "Chapter8_4\Chapter8_4.vcxproj", "{784D09D8-35CD-43DE-B17F-5AAEDF2250BB}"
EndProject
Project("{8BC9CEB8-8B4A-11D0-8D11-00A0C91BC942}") = "Chapter8_5", "Chapter8_5\Chapter8_5.vcxproj", "{82AFCA1F-65AF-40EB-A208-63B949668EB0}"
EndProject
Project("{8BC9CEB8-8B4A-11D0-8D11-00A0C91BC942}") = "Chapter8_6", "Chapter8_6\Chapter8_6.vcxproj", "{EEB8C3BF-5957-4FEB-A8E9-7F084D382263}"
EndProject
Project("{8BC9CEB8-8B4A-11D0-8D11-00A0C91BC942}") = "Chapter8_8", "Chapter8_8\Chapter8_8.vcxproj", "{A0752AC0-A420-48CF-B66B-1DD1677AD826}"
EndProject
Project("{8BC9CEB8-8B4A-11D0-8D11-00A0C91BC942}") = "Chapter8_7", "Chapter8_7\Chapter8_7.vcxproj", "{7F6AF842-C030-4328-AAAA-85354A9F3F2E}"
EndProject
Project("{8BC9CEB8-8B4A-11D0-8D11-00A0C91BC942}") = "Chapter8_9", "Chapter8_9\Chapter8_9.vcxproj", "{FC18E6C1-C7C5-4566-8A45-B11415950F45}"
EndProject
Project("{8BC9CEB8-8B4A-11D0-8D11-00A0C91BC942}") = "Chapter8_10", "Chapter8_10\Chapter8_10.vcxproj", "{CEBFCDA8-A350-49B7-904A-FC665FB7A335}"
EndProject
Project("{8BC9CEB8-8B4A-11D0-8D11-00A0C91BC942}") = "Chapter8_11", "Chapter8_11\Chapter8_11.vcxproj", "{EA51B498-64EF-4C24-9B12-AE914B1D2598}"
EndProject
Project("{8BC9CEB8-8B4A-11D0-8D11-00A0C91BC942}") = "Chapter8_12", "Chapter8_12\Chapter8_12.vcxproj", "{5C829894-973A-414B-8327-7545C9717F64}"
EndProject
Project("{8BC9CEB8-8B4A-11D0-8D11-00A0C91BC942}") = "Chapter8_13", "Chapter8_13\Chapter8_13.vcxproj", "{D377E672-843D-4E9A-B056-1BD9C83FB652}"
EndProject
Project("{8BC9CEB8-8B4A-11D0-8D11-00A0C91BC942}") = "Chapter8_14", "Chapter8_14\Chapter8_14.vcxproj", "{B74BEB35-6CFE-4811-B1EC-55DC96563922}"
EndProject
Project("{8BC9CEB8-8B4A-11D0-8D11-00A0C91BC942}") = "Chapter8_15", "Chapter8_15\Chapter8_15.vcxproj", "{AA962EF1-8686-4A1F-BC70-657321354364}"
EndProject
Global
	GlobalSection(SolutionConfigurationPlatforms) = preSolution
		Debug|x64 = Debug|x64
		Debug|x86 = Debug|x86
		Release|x64 = Release|x64
		Release|x86 = Release|x86
	EndGlobalSection
	GlobalSection(ProjectConfigurationPlatforms) = postSolution
		{F94481AB-F208-4D97-ADE7-5416D647535D}.Debug|x64.ActiveCfg = Debug|x64
		{F94481AB-F208-4D97-ADE7-5416D647535D}.Debug|x64.Build.0 = Debug|x64
		{F94481AB-F208-4D97-ADE7-5416D647535D}.Debug|x86.ActiveCfg = Debug|Win32
		{F94481AB-F208-4D97-ADE7-5416D647535D}.Debug|x86.Build.0 = Debug|Win32
		{F94481AB-F208-4D97-ADE7-5416D647535D}.Release|x64.ActiveCfg = Release|x64
		{F94481AB-F208-4D97-ADE7-5416D647535D}.Release|x64.Build.0 = Release|x64
		{F94481AB-F208-4D97-ADE7-5416D647535D}.Release|x86.ActiveCfg = Release|Win32
		{F94481AB-F208-4D97-ADE7-5416D647535D}.Release|x86.Build.0 = Release|Win32
		{C7B737F3-9BF2-4424-A804-FC73810526E8}.Debug|x64.ActiveCfg = Debug|x64
		{C7B737F3-9BF2-4424-A804-FC73810526E8}.Debug|x64.Build.0 = Debug|x64
		{C7B737F3-9BF2-4424-A804-FC73810526E8}.Debug|x86.ActiveCfg = Debug|Win32
		{C7B737F3-9BF2-4424-A804-FC73810526E8}.Debug|x86.Build.0 = Debug|Win32
		{C7B737F3-9BF2-4424-A804-FC73810526E8}.Release|x64.ActiveCfg = Release|x64
		{C7B737F3-9BF2-4424-A804-FC73810526E8}.Release|x64.Build.0 = Release|x64
		{C7B737F3-9BF2-4424-A804-FC73810526E8}.Release|x86.ActiveCfg = Release|Win32
		{C7B737F3-9BF2-4424-A804-FC73810526E8}.Release|x86.Build.0 = Release|Win32
		{1A96DE31-45BD-48DA-BD6F-B6E914180EDD}.Debug|x64.ActiveCfg = Debug|x64
		{1A96DE31-45BD-48DA-BD6F-B6E914180EDD}.Debug|x64.Build.0 = Debug|x64
		{1A96DE31-45BD-48DA-BD6F-B6E914180EDD}.Debug|x86.ActiveCfg = Debug|Win32
		{1A96DE31-45BD-48DA-BD6F-B6E914180EDD}.Debug|x86.Build.0 = Debug|Win32
		{1A96DE31-45BD-48DA-BD6F-B6E914180EDD}.Release|x64.ActiveCfg = Release|x64
		{1A96DE31-45BD-48DA-BD6F-B6E914180EDD}.Release|x64.Build.0 = Release|x64
		{1A96DE31-45BD-48DA-BD6F-B6E914180EDD}.Release|x86.ActiveCfg = Release|Win32
		{1A96DE31-45BD-48DA-BD6F-B6E914180EDD}.Release|x86.Build.0 = Release|Win32
		{784D09D8-35CD-43DE-B17F-5AAEDF2250BB}.Debug|x64.ActiveCfg = Debug|x64
		{784D09D8-35CD-43DE-B17F-5AAEDF2250BB}.Debug|x64.Build.0 = Debug|x64
		{784D09D8-35CD-43DE-B17F-5AAEDF2250BB}.Debug|x86.ActiveCfg = Debug|Win32
		{784D09D8-35CD-43DE-B17F-5AAEDF2250BB}.Debug|x86.Build.0 = Debug|Win32
		{784D09D8-35CD-43DE-B17F-5AAEDF2250BB}.Release|x64.ActiveCfg = Release|x64
		{784D09D8-35CD-43DE-B17F-5AAEDF2250BB}.Release|x64.Build.0 = Release|x64
		{784D09D8-35CD-43DE-B17F-5AAEDF2250BB}.Release|x86.ActiveCfg = Release|Win32
		{784D09D8-35CD-43DE-B17F-5AAEDF2250BB}.Release|x86.Build.0 = Release|Win32
		{82AFCA1F-65AF-40EB-A208-63B949668EB0}.Debug|x64.ActiveCfg = Debug|x64
		{82AFCA1F-65AF-40EB-A208-63B949668EB0}.Debug|x64.Build.0 = Debug|x64
		{82AFCA1F-65AF-40EB-A208-63B949668EB0}.Debug|x86.ActiveCfg = Debug|Win32
		{82AFCA1F-65AF-40EB-A208-63B949668EB0}.Debug|x86.Build.0 = Debug|Win32
		{82AFCA1F-65AF-40EB-A208-63B949668EB0}.Release|x64.ActiveCfg = Release|x64
		{82AFCA1F-65AF-40EB-A208-63B949668EB0}.Release|x64.Build.0 = Release|x64
		{82AFCA1F-65AF-40EB-A208-63B949668EB0}.Release|x86.ActiveCfg = Release|Win32
		{82AFCA1F-65AF-40EB-A208-63B949668EB0}.Release|x86.Build.0 = Release|Win32
		{EEB8C3BF-5957-4FEB-A8E9-7F084D382263}.Debug|x64.ActiveCfg = Debug|x64
		{EEB8C3BF-5957-4FEB-A8E9-7F084D382263}.Debug|x64.Build.0 = Debug|x64
		{EEB8C3BF-5957-4FEB-A8E9-7F084D382263}.Debug|x86.ActiveCfg = Debug|Win32
		{EEB8C3BF-5957-4FEB-A8E9-7F084D382263}.Debug|x86.Build.0 = Debug|Win32
		{EEB8C3BF-5957-4FEB-A8E9-7F084D382263}.Release|x64.ActiveCfg = Release|x64
		{EEB8C3BF-5957-4FEB-A8E9-7F084D382263}.Release|x64.Build.0 = Release|x64
		{EEB8C3BF-5957-4FEB-A8E9-7F084D382263}.Release|x86.ActiveCfg = Release|Win32
		{EEB8C3BF-5957-4FEB-A8E9-7F084D382263}.Release|x86.Build.0 = Release|Win32
		{A0752AC0-A420-48CF-B66B-1DD1677AD826}.Debug|x64.ActiveCfg = Debug|x64
		{A0752AC0-A420-48CF-B66B-1DD1677AD826}.Debug|x64.Build.0 = Debug|x64
		{A0752AC0-A420-48CF-B66B-1DD1677AD826}.Debug|x86.ActiveCfg = Debug|Win32
		{A0752AC0-A420-48CF-B66B-1DD1677AD826}.Debug|x86.Build.0 = Debug|Win32
		{A0752AC0-A420-48CF-B66B-1DD1677AD826}.Release|x64.ActiveCfg = Release|x64
		{A0752AC0-A420-48CF-B66B-1DD1677AD826}.Release|x64.Build.0 = Release|x64
		{A0752AC0-A420-48CF-B66B-1DD1677AD826}.Release|x86.ActiveCfg = Release|Win32
		{A0752AC0-A420-48CF-B66B-1DD1677AD826}.Release|x86.Build.0 = Release|Win32
		{7F6AF842-C030-4328-AAAA-85354A9F3F2E}.Debug|x64.ActiveCfg = Debug|x64
		{7F6AF842-C030-4328-AAAA-85354A9F3F2E}.Debug|x64.Build.0 = Debug|x64
		{7F6AF842-C030-4328-AAAA-85354A9F3F2E}.Debug|x86.ActiveCfg = Debug|Win32
		{7F6AF842-C030-4328-AAAA-85354A9F3F2E}.Debug|x86.Build.0 = Debug|Win32
		{7F6AF842-C030-4328-AAAA-85354A9F3F2E}.Release|x64.ActiveCfg = Release|x64
		{7F6AF842-C030-4328-AAAA-85354A9F3F2E}.Release|x64.Build.0 = Release|x64
		{7F6AF842-C030-4328-AAAA-85354A9F3F2E}.Release|x86.ActiveCfg = Release|Win32
		{7F6AF842-C030-4328-AAAA-85354A9F3F2E}.Release|x86.Build.0 = Release|Win32
		{FC18E6C1-C7C5-4566-8A45-B11415950F45}.Debug|x64.ActiveCfg = Debug|x64
		{FC18E6C1-C7C5-4566-8A45-B11415950F45}.Debug|x64.Build.0 = Debug|x64
		{FC18E6C1-C7C5-4566-8A45-B11415950F45}.Debug|x86.ActiveCfg = Debug|Win32
		{FC18E6C1-C7C5-4566-8A45-B11415950F45}.Debug|x86.Build.0 = Debug|Win32
		{FC18E6C1-C7C5-4566-8A45-B11415950F45}.Release|x64.ActiveCfg = Release|x64
		{FC18E6C1-C7C5-4566-8A45-B11415950F45}.Release|x64.Build.0 = Release|x64
		{FC18E6C1-C7C5-4566-8A45-B11415950F45}.Release|x86.ActiveCfg = Release|Win32
		{FC18E6C1-C7C5-4566-8A45-B11415950F45}.Release|x86.Build.0 = Release|Win32
		{CEBFCDA8-A350-49B7-904A-FC665FB7A335}.Debug|x64.ActiveCfg = Debug|x64
		{CEBFCDA8-A350-49B7-904A-FC665FB7A335}.Debug|x64.Build.0 = Debug|x64
		{CEBFCDA8-A350-49B7-904A-FC665FB7A335}.Debug|x86.ActiveCfg = Debug|Win32
		{CEBFCDA8-A350-49B7-904A-FC665FB7A335}.Debug|x86.Build.0 = Debug|Win32
		{CEBFCDA8-A350-49B7-904A-FC665FB7A335}.Release|x64.ActiveCfg = Release|x64
		{CEBFCDA8-A350-49B7-904A-FC665FB7A335}.Release|x64.Build.0 = Release|x64
		{CEBFCDA8-A350-49B7-904A-FC665FB7A335}.Release|x86.ActiveCfg = Release|Win32
		{CEBFCDA8-A350-49B7-904A-FC665FB7A335}.Release|x86.Build.0 = Release|Win32
		{EA51B498-64EF-4C24-9B12-AE914B1D2598}.Debug|x64.ActiveCfg = Debug|x64
		{EA51B498-64EF-4C24-9B12-AE914B1D2598}.Debug|x64.Build.0 = Debug|x64
		{EA51B498-64EF-4C24-9B12-AE914B1D2598}.Debug|x86.ActiveCfg = Debug|Win32
		{EA51B498-64EF-4C24-9B12-AE914B1D2598}.Debug|x86.Build.0 = Debug|Win32
		{EA51B498-64EF-4C24-9B12-AE914B1D2598}.Release|x64.ActiveCfg = Release|x64
		{EA51B498-64EF-4C24-9B12-AE914B1D2598}.Release|x64.Build.0 = Release|x64
		{EA51B498-64EF-4C24-9B12-AE914B1D2598}.Release|x86.ActiveCfg = Release|Win32
		{EA51B498-64EF-4C24-9B12-AE914B1D2598}.Release|x86.Build.0 = Release|Win32
		{5C829894-973A-414B-8327-7545C9717F64}.Debug|x64.ActiveCfg = Debug|x64
		{5C829894-973A-414B-8327-7545C9717F64}.Debug|x64.Build.0 = Debug|x64
		{5C829894-973A-414B-8327-7545C9717F64}.Debug|x86.ActiveCfg = Debug|Win32
		{5C829894-973A-414B-8327-7545C9717F64}.Debug|x86.Build.0 = Debug|Win32
		{5C829894-973A-414B-8327-7545C9717F64}.Release|x64.ActiveCfg = Release|x64
		{5C829894-973A-414B-8327-7545C9717F64}.Release|x64.Build.0 = Release|x64
		{5C829894-973A-414B-8327-7545C9717F64}.Release|x86.ActiveCfg = Release|Win32
		{5C829894-973A-414B-8327-7545C9717F64}.Release|x86.Build.0 = Release|Win32
		{D377E672-843D-4E9A-B056-1BD9C83FB652}.Debug|x64.ActiveCfg = Debug|x64
		{D377E672-843D-4E9A-B056-1BD9C83FB652}.Debug|x64.Build.0 = Debug|x64
		{D377E672-843D-4E9A-B056-1BD9C83FB652}.Debug|x86.ActiveCfg = Debug|Win32
		{D377E672-843D-4E9A-B056-1BD9C83FB652}.Debug|x86.Build.0 = Debug|Win32
		{D377E672-843D-4E9A-B056-1BD9C83FB652}.Release|x64.ActiveCfg = Release|x64
		{D377E672-843D-4E9A-B056-1BD9C83FB652}.Release|x64.Build.0 = Release|x64
		{D377E672-843D-4E9A-B056-1BD9C83FB652}.Release|x86.ActiveCfg = Release|Win32
		{D377E672-843D-4E9A-B056-1BD9C83FB652}.Release|x86.Build.0 = Release|Win32
		{B74BEB35-6CFE-4811-B1EC-55DC96563922}.Debug|x64.ActiveCfg = Debug|x64
		{B74BEB35-6CFE-4811-B1EC-55DC96563922}.Debug|x64.Build.0 = Debug|x64
		{B74BEB35-6CFE-4811-B1EC-55DC96563922}.Debug|x86.ActiveCfg = Debug|Win32
		{B74BEB35-6CFE-4811-B1EC-55DC96563922}.Debug|x86.Build.0 = Debug|Win32
		{B74BEB35-6CFE-4811-B1EC-55DC96563922}.Release|x64.ActiveCfg = Release|x64
		{B74BEB35-6CFE-4811-B1EC-55DC96563922}.Release|x64.Build.0 = Release|x64
		{B74BEB35-6CFE-4811-B1EC-55DC96563922}.Release|x86.ActiveCfg = Release|Win32
		{B74BEB35-6CFE-4811-B1EC-55DC96563922}.Release|x86.Build.0 = Release|Win32
		{AA962EF1-8686-4A1F-BC70-657321354364}.Debug|x64.ActiveCfg = Debug|x64
		{AA962EF1-8686-4A1F-BC70-657321354364}.Debug|x64.Build.0 = Debug|x64
		{AA962EF1-8686-4A1F-BC70-657321354364}.Debug|x86.ActiveCfg = Debug|Win32
		{AA962EF1-8686-4A1F-BC70-657321354364}.Debug|x86.Build.0 = Debug|Win32
		{AA962EF1-8686-4A1F-BC70-657321354364}.Release|x64.ActiveCfg = Release|x64
		{AA962EF1-8686-4A1F-BC70-657321354364}.Release|x64.Build.0 = Release|x64
		{AA962EF1-8686-4A1F-BC70-657321354364}.Release|x86.ActiveCfg = Release|Win32
		{AA962EF1-8686-4A1F-BC70-657321354364}.Release|x86.Build.0 = Release|Win32
	EndGlobalSection
	GlobalSection(SolutionProperties) = preSolution
		HideSolutionNode = FALSE
	EndGlobalSection
	GlobalSection(ExtensibilityGlobals) = postSolution
		SolutionGuid = {F8940061-DB3E-4694-9639-F7826BD6AA52}
	EndGlobalSection
EndGlobal
