
Microsoft Visual Studio Solution File, Format Version 12.00
# Visual Studio Version 17
VisualStudioVersion = 17.5.33530.505
MinimumVisualStudioVersion = 10.0.40219.1
Project("{8BC9CEB8-8B4A-11D0-8D11-00A0C91BC942}") = "Chapter16_1", "Chapter16_1\Chapter16_1.vcxproj", "{9108C653-4B6F-46BA-9297-09C4D42CEA18}"
EndProject
Project("{8BC9CEB8-8B4A-11D0-8D11-00A0C91BC942}") = "Chapter16_2", "Chapter16_2\Chapter16_2.vcxproj", "{DD78C572-1B12-416B-9131-BF0A2FB96E2C}"
EndProject
Project("{8BC9CEB8-8B4A-11D0-8D11-00A0C91BC942}") = "Chapter16_3", "Chapter16_3\Chapter16_3.vcxproj", "{B8043697-512F-418B-9C4B-0ACBA26F3D3F}"
EndProject
Global
	GlobalSection(SolutionConfigurationPlatforms) = preSolution
		Debug|x64 = Debug|x64
		Debug|x86 = Debug|x86
		Release|x64 = Release|x64
		Release|x86 = Release|x86
	EndGlobalSection
	GlobalSection(ProjectConfigurationPlatforms) = postSolution
		{9108C653-4B6F-46BA-9297-09C4D42CEA18}.Debug|x64.ActiveCfg = Debug|x64
		{9108C653-4B6F-46BA-9297-09C4D42CEA18}.Debug|x64.Build.0 = Debug|x64
		{9108C653-4B6F-46BA-9297-09C4D42CEA18}.Debug|x86.ActiveCfg = Debug|Win32
		{9108C653-4B6F-46BA-9297-09C4D42CEA18}.Debug|x86.Build.0 = Debug|Win32
		{9108C653-4B6F-46BA-9297-09C4D42CEA18}.Release|x64.ActiveCfg = Release|x64
		{9108C653-4B6F-46BA-9297-09C4D42CEA18}.Release|x64.Build.0 = Release|x64
		{9108C653-4B6F-46BA-9297-09C4D42CEA18}.Release|x86.ActiveCfg = Release|Win32
		{9108C653-4B6F-46BA-9297-09C4D42CEA18}.Release|x86.Build.0 = Release|Win32
		{DD78C572-1B12-416B-9131-BF0A2FB96E2C}.Debug|x64.ActiveCfg = Debug|x64
		{DD78C572-1B12-416B-9131-BF0A2FB96E2C}.Debug|x64.Build.0 = Debug|x64
		{DD78C572-1B12-416B-9131-BF0A2FB96E2C}.Debug|x86.ActiveCfg = Debug|Win32
		{DD78C572-1B12-416B-9131-BF0A2FB96E2C}.Debug|x86.Build.0 = Debug|Win32
		{DD78C572-1B12-416B-9131-BF0A2FB96E2C}.Release|x64.ActiveCfg = Release|x64
		{DD78C572-1B12-416B-9131-BF0A2FB96E2C}.Release|x64.Build.0 = Release|x64
		{DD78C572-1B12-416B-9131-BF0A2FB96E2C}.Release|x86.ActiveCfg = Release|Win32
		{DD78C572-1B12-416B-9131-BF0A2FB96E2C}.Release|x86.Build.0 = Release|Win32
		{B8043697-512F-418B-9C4B-0ACBA26F3D3F}.Debug|x64.ActiveCfg = Debug|x64
		{B8043697-512F-418B-9C4B-0ACBA26F3D3F}.Debug|x64.Build.0 = Debug|x64
		{B8043697-512F-418B-9C4B-0ACBA26F3D3F}.Debug|x86.ActiveCfg = Debug|Win32
		{B8043697-512F-418B-9C4B-0ACBA26F3D3F}.Debug|x86.Build.0 = Debug|Win32
		{B8043697-512F-418B-9C4B-0ACBA26F3D3F}.Release|x64.ActiveCfg = Release|x64
		{B8043697-512F-418B-9C4B-0ACBA26F3D3F}.Release|x64.Build.0 = Release|x64
		{B8043697-512F-418B-9C4B-0ACBA26F3D3F}.Release|x86.ActiveCfg = Release|Win32
		{B8043697-512F-418B-9C4B-0ACBA26F3D3F}.Release|x86.Build.0 = Release|Win32
	EndGlobalSection
	GlobalSection(SolutionProperties) = preSolution
		HideSolutionNode = FALSE
	EndGlobalSection
	GlobalSection(ExtensibilityGlobals) = postSolution
		SolutionGuid = {D174552C-2EB3-48CA-8F2F-0E607FA1AA1D}
	EndGlobalSection
EndGlobal
